
Microsoft Visual Studio Solution File, Format Version 12.00
# Visual Studio Version 17
VisualStudioVersion = 17.14.36310.24
MinimumVisualStudioVersion = 10.0.40219.1
Project("{FAE04EC0-301F-11D3-BF4B-00C04F79EFBC}") = "USB6501_WPF", "USB6501_WPF.csproj", "{A07CC6D9-BAFA-4769-93B1-D1BA37A09820}"
EndProject
Global
	GlobalSection(SolutionConfigurationPlatforms) = preSolution
		Debug|Any CPU = Debug|Any CPU
		Debug|x64 = Debug|x64
		Debug|x86 = Debug|x86
		Release|Any CPU = Release|Any CPU
		Release|x64 = Release|x64
		Release|x86 = Release|x86
	EndGlobalSection
	GlobalSection(ProjectConfigurationPlatforms) = postSolution
		{A07CC6D9-BAFA-4769-93B1-D1BA37A09820}.Debug|Any CPU.ActiveCfg = Debug|Any CPU
		{A07CC6D9-BAFA-4769-93B1-D1BA37A09820}.Debug|Any CPU.Build.0 = Debug|Any CPU
		{A07CC6D9-BAFA-4769-93B1-D1BA37A09820}.Debug|x64.ActiveCfg = Debug|x64
		{A07CC6D9-BAFA-4769-93B1-D1BA37A09820}.Debug|x64.Build.0 = Debug|x64
		{A07CC6D9-BAFA-4769-93B1-D1BA37A09820}.Debug|x86.ActiveCfg = Debug|x86
		{A07CC6D9-BAFA-4769-93B1-D1BA37A09820}.Debug|x86.Build.0 = Debug|x86
		{A07CC6D9-BAFA-4769-93B1-D1BA37A09820}.Release|Any CPU.ActiveCfg = Release|Any CPU
		{A07CC6D9-BAFA-4769-93B1-D1BA37A09820}.Release|Any CPU.Build.0 = Release|Any CPU
		{A07CC6D9-BAFA-4769-93B1-D1BA37A09820}.Release|x64.ActiveCfg = Release|x64
		{A07CC6D9-BAFA-4769-93B1-D1BA37A09820}.Release|x64.Build.0 = Release|x64
		{A07CC6D9-BAFA-4769-93B1-D1BA37A09820}.Release|x86.ActiveCfg = Release|x86
		{A07CC6D9-BAFA-4769-93B1-D1BA37A09820}.Release|x86.Build.0 = Release|x86
	EndGlobalSection
	GlobalSection(SolutionProperties) = preSolution
		HideSolutionNode = FALSE
	EndGlobalSection
	GlobalSection(ExtensibilityGlobals) = postSolution
		SolutionGuid = {B8C5DDD2-F90E-453C-8A93-EF93230439D0}
	EndGlobalSection
EndGlobal
